
Microsoft Visual Studio Solution File, Format Version 12.00
Project("{FAE04EC0-301F-11D3-BF4B-00C04F79EFBC}") = "LLMWebAPI", "LLMWebAPI.csproj", "{058B030F-782C-40AD-878B-5991C26ECC28}"
EndProject
Global
	GlobalSection(SolutionConfigurationPlatforms) = preSolution
		Debug|Any CPU = Debug|Any CPU
		Release|Any CPU = Release|Any CPU
	EndGlobalSection
	GlobalSection(ProjectConfigurationPlatforms) = postSolution
		{058B030F-782C-40AD-878B-5991C26ECC28}.Debug|Any CPU.ActiveCfg = Debug|Any CPU
		{058B030F-782C-40AD-878B-5991C26ECC28}.Debug|Any CPU.Build.0 = Debug|Any CPU
		{058B030F-782C-40AD-878B-5991C26ECC28}.Release|Any CPU.ActiveCfg = Release|Any CPU
		{058B030F-782C-40AD-878B-5991C26ECC28}.Release|Any CPU.Build.0 = Release|Any CPU
	EndGlobalSection
EndGlobal
